
Microsoft Visual Studio Solution File, Format Version 12.00
# Visual Studio Version 16
VisualStudioVersion = 16.0.30330.147
MinimumVisualStudioVersion = 10.0.40219.1
Project("{FAE04EC0-301F-11D3-BF4B-00C04F79EFBC}") = "SignalRChat", "SignalRChat\SignalRChat.csproj", "{7EF84E62-D7B9-4828-848B-5639292D3971}"
EndProject
Global
	GlobalSection(SolutionConfigurationPlatforms) = preSolution
		Debug|Any CPU = Debug|Any CPU
		Release|Any CPU = Release|Any CPU
	EndGlobalSection
	GlobalSection(ProjectConfigurationPlatforms) = postSolution
		{7EF84E62-D7B9-4828-848B-5639292D3971}.Debug|Any CPU.ActiveCfg = Debug|Any CPU
		{7EF84E62-D7B9-4828-848B-5639292D3971}.Debug|Any CPU.Build.0 = Debug|Any CPU
		{7EF84E62-D7B9-4828-848B-5639292D3971}.Release|Any CPU.ActiveCfg = Release|Any CPU
		{7EF84E62-D7B9-4828-848B-5639292D3971}.Release|Any CPU.Build.0 = Release|Any CPU
	EndGlobalSection
	GlobalSection(SolutionProperties) = preSolution
		HideSolutionNode = FALSE
	EndGlobalSection
	GlobalSection(ExtensibilityGlobals) = postSolution
		SolutionGuid = {E3A84093-AE65-44CB-87E2-93A3E3755B3E}
	EndGlobalSection
EndGlobal
